
Microsoft Visual Studio Solution File, Format Version 12.00
# Visual Studio Version 16
VisualStudioVersion = 16.0.31729.503
MinimumVisualStudioVersion = 10.0.40219.1
Project("{9A19103F-16F7-4668-BE54-9A1E7A4F7556}") = "Model", "Model\Model.csproj", "{4BAAFEF6-8F27-4267-90D6-8FA62225F03B}"
EndProject
Project("{9A19103F-16F7-4668-BE54-9A1E7A4F7556}") = "HospitalGUI", "HospitalGUI\HospitalGUI.csproj", "{525C7E3C-EAB1-439E-9FF3-0D8B87B61CEF}"
EndProject
Global
	GlobalSection(SolutionConfigurationPlatforms) = preSolution
		Debug|Any CPU = Debug|Any CPU
		Release|Any CPU = Release|Any CPU
	EndGlobalSection
	GlobalSection(ProjectConfigurationPlatforms) = postSolution
		{4BAAFEF6-8F27-4267-90D6-8FA62225F03B}.Debug|Any CPU.ActiveCfg = Debug|Any CPU
		{4BAAFEF6-8F27-4267-90D6-8FA62225F03B}.Debug|Any CPU.Build.0 = Debug|Any CPU
		{4BAAFEF6-8F27-4267-90D6-8FA62225F03B}.Release|Any CPU.ActiveCfg = Release|Any CPU
		{4BAAFEF6-8F27-4267-90D6-8FA62225F03B}.Release|Any CPU.Build.0 = Release|Any CPU
		{525C7E3C-EAB1-439E-9FF3-0D8B87B61CEF}.Debug|Any CPU.ActiveCfg = Debug|Any CPU
		{525C7E3C-EAB1-439E-9FF3-0D8B87B61CEF}.Debug|Any CPU.Build.0 = Debug|Any CPU
		{525C7E3C-EAB1-439E-9FF3-0D8B87B61CEF}.Release|Any CPU.ActiveCfg = Release|Any CPU
		{525C7E3C-EAB1-439E-9FF3-0D8B87B61CEF}.Release|Any CPU.Build.0 = Release|Any CPU
	EndGlobalSection
	GlobalSection(SolutionProperties) = preSolution
		HideSolutionNode = FALSE
	EndGlobalSection
	GlobalSection(ExtensibilityGlobals) = postSolution
		SolutionGuid = {14D6877A-0892-4596-85EF-3317DA3F7141}
	EndGlobalSection
EndGlobal
